// !$*UTF8*$!
{
	archiveVersion = 1;
	classes = {
	};
	objectVersion = 46;
	objects = {

/* Begin PBXBuildFile section */
		332258531875745E00872CFA /* libCorePlot-CocoaTouch.a in Frameworks */ = {isa = PBXBuildFile; fileRef = 332258501875741400872CFA /* libCorePlot-CocoaTouch.a */; };
		3322585B18757CA900872CFA /* FacebookSDK.framework in Frameworks */ = {isa = PBXBuildFile; fileRef = 3322585A18757CA900872CFA /* FacebookSDK.framework */; };
		33454C9A1875674B0043FA85 /* AccelerometerFilter.m in Sources */ = {isa = PBXBuildFile; fileRef = 33454C8F1875674B0043FA85 /* AccelerometerFilter.m */; };
		33454C9B1875674B0043FA85 /* ICE3DVector.m in Sources */ = {isa = PBXBuildFile; fileRef = 33454C911875674B0043FA85 /* ICE3DVector.m */; };
		33454C9C1875674B0043FA85 /* ICEMotionData.m in Sources */ = {isa = PBXBuildFile; fileRef = 33454C931875674B0043FA85 /* ICEMotionData.m */; };
		33454C9D1875674B0043FA85 /* ICEMotionMonitor.m in Sources */ = {isa = PBXBuildFile; fileRef = 33454C951875674B0043FA85 /* ICEMotionMonitor.m */; };
		33454C9E1875674B0043FA85 /* ICEMotionRecords.m in Sources */ = {isa = PBXBuildFile; fileRef = 33454C971875674B0043FA85 /* ICEMotionRecords.m */; };
		33724203187580CC0068342C /* ICEMotionGraphViewController.m in Sources */ = {isa = PBXBuildFile; fileRef = 33724202187580CC0068342C /* ICEMotionGraphViewController.m */; };
		33FEDE3B1875B3260001DB6E /* QuartzCore.framework in Frameworks */ = {isa = PBXBuildFile; fileRef = 33FEDE3A1875B3260001DB6E /* QuartzCore.framework */; };
		7D15528D186AE26E0003EB2C /* walkInfoFrame.png in Resources */ = {isa = PBXBuildFile; fileRef = 7D15528C186AE26E0003EB2C /* walkInfoFrame.png */; };
		7D155290186AE3970003EB2C /* WalkInfoViewController.m in Sources */ = {isa = PBXBuildFile; fileRef = 7D15528F186AE3970003EB2C /* WalkInfoViewController.m */; };
		7D155293186AE4E50003EB2C /* Pledge.m in Sources */ = {isa = PBXBuildFile; fileRef = 7D155292186AE4E50003EB2C /* Pledge.m */; };
		7D155298186B3EBF0003EB2C /* diferentDonor.png in Resources */ = {isa = PBXBuildFile; fileRef = 7D155297186B3EBF0003EB2C /* diferentDonor.png */; };
		7D3B28CB18688637007AF2ED /* takeSnapshot.png in Resources */ = {isa = PBXBuildFile; fileRef = 7D3B28CA18688637007AF2ED /* takeSnapshot.png */; };
		7D3B28CD1868877B007AF2ED /* startWalking.png in Resources */ = {isa = PBXBuildFile; fileRef = 7D3B28CC1868877B007AF2ED /* startWalking.png */; };
		7D4BEF9A1871870D00EBCEC2 /* LogViewController.m in Sources */ = {isa = PBXBuildFile; fileRef = 7D4BEF991871870D00EBCEC2 /* LogViewController.m */; };
		7D4BEF9D1871878F00EBCEC2 /* LogObj.m in Sources */ = {isa = PBXBuildFile; fileRef = 7D4BEF9C1871878F00EBCEC2 /* LogObj.m */; };
		7D4BEFA01873088100EBCEC2 /* Facebook.m in Sources */ = {isa = PBXBuildFile; fileRef = 7D4BEF9F1873088100EBCEC2 /* Facebook.m */; };
		7D5303CE186C370100EBADAF /* MyCharity.m in Sources */ = {isa = PBXBuildFile; fileRef = 7D5303CD186C370100EBADAF /* MyCharity.m */; };
		7D597E291869A7F2003DBC04 /* UI.m in Sources */ = {isa = PBXBuildFile; fileRef = 7D597E281869A7F2003DBC04 /* UI.m */; };
		7D861826186C7FC2001AFC9B /* dina.png in Resources */ = {isa = PBXBuildFile; fileRef = 7D861823186C7FC2001AFC9B /* dina.png */; };
		7D861827186C7FC2001AFC9B /* omer.png in Resources */ = {isa = PBXBuildFile; fileRef = 7D861824186C7FC2001AFC9B /* omer.png */; };
		7D861828186C7FC2001AFC9B /* ron.png in Resources */ = {isa = PBXBuildFile; fileRef = 7D861825186C7FC2001AFC9B /* ron.png */; };
		7D86182A186C9482001AFC9B /* plus.png in Resources */ = {isa = PBXBuildFile; fileRef = 7D861829186C9482001AFC9B /* plus.png */; };
		7D898318186094E400CB7D55 /* Foundation.framework in Frameworks */ = {isa = PBXBuildFile; fileRef = 7D898317186094E400CB7D55 /* Foundation.framework */; };
		7D89831A186094E400CB7D55 /* CoreGraphics.framework in Frameworks */ = {isa = PBXBuildFile; fileRef = 7D898319186094E400CB7D55 /* CoreGraphics.framework */; };
		7D89831C186094E400CB7D55 /* UIKit.framework in Frameworks */ = {isa = PBXBuildFile; fileRef = 7D89831B186094E400CB7D55 /* UIKit.framework */; };
		7D898322186094E400CB7D55 /* InfoPlist.strings in Resources */ = {isa = PBXBuildFile; fileRef = 7D898320186094E400CB7D55 /* InfoPlist.strings */; };
		7D898324186094E400CB7D55 /* main.m in Sources */ = {isa = PBXBuildFile; fileRef = 7D898323186094E400CB7D55 /* main.m */; };
		7D898328186094E400CB7D55 /* AppDelegate.m in Sources */ = {isa = PBXBuildFile; fileRef = 7D898327186094E400CB7D55 /* AppDelegate.m */; };
		7D89832B186094E400CB7D55 /* Main.storyboard in Resources */ = {isa = PBXBuildFile; fileRef = 7D898329186094E400CB7D55 /* Main.storyboard */; };
		7D89832E186094E400CB7D55 /* MasterViewController.m in Sources */ = {isa = PBXBuildFile; fileRef = 7D89832D186094E400CB7D55 /* MasterViewController.m */; };
		7D898331186094E400CB7D55 /* DetailViewController.m in Sources */ = {isa = PBXBuildFile; fileRef = 7D898330186094E400CB7D55 /* DetailViewController.m */; };
		7D898333186094E400CB7D55 /* Images.xcassets in Resources */ = {isa = PBXBuildFile; fileRef = 7D898332186094E400CB7D55 /* Images.xcassets */; };
		7D89833A186094E400CB7D55 /* XCTest.framework in Frameworks */ = {isa = PBXBuildFile; fileRef = 7D898339186094E400CB7D55 /* XCTest.framework */; };
		7D89833B186094E500CB7D55 /* Foundation.framework in Frameworks */ = {isa = PBXBuildFile; fileRef = 7D898317186094E400CB7D55 /* Foundation.framework */; };
		7D89833C186094E500CB7D55 /* UIKit.framework in Frameworks */ = {isa = PBXBuildFile; fileRef = 7D89831B186094E400CB7D55 /* UIKit.framework */; };
		7D898344186094E500CB7D55 /* InfoPlist.strings in Resources */ = {isa = PBXBuildFile; fileRef = 7D898342186094E500CB7D55 /* InfoPlist.strings */; };
		7D898346186094E500CB7D55 /* GoodPaceTests.m in Sources */ = {isa = PBXBuildFile; fileRef = 7D898345186094E500CB7D55 /* GoodPaceTests.m */; };
		7D8983601860B2ED00CB7D55 /* Charity.m in Sources */ = {isa = PBXBuildFile; fileRef = 7D89835F1860B2ED00CB7D55 /* Charity.m */; };
		7D8983641860B6BB00CB7D55 /* ServerObj.m in Sources */ = {isa = PBXBuildFile; fileRef = 7D8983631860B6BB00CB7D55 /* ServerObj.m */; };
		7D9E869A18619F060039A747 /* Globals.m in Sources */ = {isa = PBXBuildFile; fileRef = 7D9E869918619F060039A747 /* Globals.m */; };
		7D9E869D1861A0290039A747 /* Services.m in Sources */ = {isa = PBXBuildFile; fileRef = 7D9E869C1861A0290039A747 /* Services.m */; };
		7D9E86A21861D19F0039A747 /* Profile.m in Sources */ = {isa = PBXBuildFile; fileRef = 7D9E86A11861D19F0039A747 /* Profile.m */; };
		7D9E86B31861E6990039A747 /* habitat.png in Resources */ = {isa = PBXBuildFile; fileRef = 7D9E86AF1861E6990039A747 /* habitat.png */; };
		7D9E86B41861E6990039A747 /* heart.png in Resources */ = {isa = PBXBuildFile; fileRef = 7D9E86B01861E6990039A747 /* heart.png */; };
		7D9E86B51861E6990039A747 /* redCross.png in Resources */ = {isa = PBXBuildFile; fileRef = 7D9E86B11861E6990039A747 /* redCross.png */; };
		7D9E86B61861E6990039A747 /* Spca.png in Resources */ = {isa = PBXBuildFile; fileRef = 7D9E86B21861E6990039A747 /* Spca.png */; };
		7D9E86B91861F1E30039A747 /* startImage.png in Resources */ = {isa = PBXBuildFile; fileRef = 7D9E86B81861F1E30039A747 /* startImage.png */; };
		7DC528D318706A1900A04592 /* useFitBit.png in Resources */ = {isa = PBXBuildFile; fileRef = 7DC528D118706A1900A04592 /* useFitBit.png */; };
		7DC528D418706A1900A04592 /* usePhone.png in Resources */ = {isa = PBXBuildFile; fileRef = 7DC528D218706A1900A04592 /* usePhone.png */; };
		7DC528D618706E8000A04592 /* walkingProgress.png in Resources */ = {isa = PBXBuildFile; fileRef = 7DC528D518706E8000A04592 /* walkingProgress.png */; };
		7DC528D918707DF200A04592 /* StepsManager.m in Sources */ = {isa = PBXBuildFile; fileRef = 7DC528D818707DF200A04592 /* StepsManager.m */; };
		7DC528DC187084C800A04592 /* IPhone5SStepsCounter.m in Sources */ = {isa = PBXBuildFile; fileRef = 7DC528DB187084C800A04592 /* IPhone5SStepsCounter.m */; };
		7DC528E01870877800A04592 /* CoreMotion.framework in Frameworks */ = {isa = PBXBuildFile; fileRef = 7DC528DF1870877800A04592 /* CoreMotion.framework */; };
		7DE92ECC18671BEB0078A0E6 /* walkMan.png in Resources */ = {isa = PBXBuildFile; fileRef = 7DE92ECB18671BEB0078A0E6 /* walkMan.png */; };
		7DE92ECF18671D390078A0E6 /* localizable.strings in Resources */ = {isa = PBXBuildFile; fileRef = 7DE92ED118671D390078A0E6 /* localizable.strings */; };
		7DE92ED31867321B0078A0E6 /* jointhiswalk.png in Resources */ = {isa = PBXBuildFile; fileRef = 7DE92ED21867321B0078A0E6 /* jointhiswalk.png */; };
		7DE92ED6186735250078A0E6 /* ProfileViewController.m in Sources */ = {isa = PBXBuildFile; fileRef = 7DE92ED5186735250078A0E6 /* ProfileViewController.m */; };
/* End PBXBuildFile section */

/* Begin PBXContainerItemProxy section */
		3322584F1875741400872CFA /* PBXContainerItemProxy */ = {
			isa = PBXContainerItemProxy;
			containerPortal = 332258491875741400872CFA /* CorePlot-CocoaTouch.xcodeproj */;
			proxyType = 2;
			remoteGlobalIDString = BC9B83470FB8A0A40035D8DA;
			remoteInfo = "CorePlot-CocoaTouch";
		};
		332258511875742A00872CFA /* PBXContainerItemProxy */ = {
			isa = PBXContainerItemProxy;
			containerPortal = 332258491875741400872CFA /* CorePlot-CocoaTouch.xcodeproj */;
			proxyType = 1;
			remoteGlobalIDString = BC9B83460FB8A0A40035D8DA;
			remoteInfo = "CorePlot-CocoaTouch";
		};
		7D89833D186094E500CB7D55 /* PBXContainerItemProxy */ = {
			isa = PBXContainerItemProxy;
			containerPortal = 7D89830C186094E400CB7D55 /* Project object */;
			proxyType = 1;
			remoteGlobalIDString = 7D898313186094E400CB7D55;
			remoteInfo = GoodPace;
		};
/* End PBXContainerItemProxy section */

/* Begin PBXFileReference section */
		332258491875741400872CFA /* CorePlot-CocoaTouch.xcodeproj */ = {isa = PBXFileReference; lastKnownFileType = "wrapper.pb-project"; name = "CorePlot-CocoaTouch.xcodeproj"; path = "../../CorePlot_1.4/Source/framework/CorePlot-CocoaTouch.xcodeproj"; sourceTree = "<group>"; };
		3322585A18757CA900872CFA /* FacebookSDK.framework */ = {isa = PBXFileReference; lastKnownFileType = wrapper.framework; path = FacebookSDK.framework; sourceTree = "<group>"; };
		33454C8E1875674B0043FA85 /* AccelerometerFilter.h */ = {isa = PBXFileReference; fileEncoding = 4; lastKnownFileType = sourcecode.c.h; path = AccelerometerFilter.h; sourceTree = "<group>"; };
		33454C8F1875674B0043FA85 /* AccelerometerFilter.m */ = {isa = PBXFileReference; fileEncoding = 4; lastKnownFileType = sourcecode.c.objc; path = AccelerometerFilter.m; sourceTree = "<group>"; };
		33454C901875674B0043FA85 /* ICE3DVector.h */ = {isa = PBXFileReference; fileEncoding = 4; lastKnownFileType = sourcecode.c.h; path = ICE3DVector.h; sourceTree = "<group>"; };
		33454C911875674B0043FA85 /* ICE3DVector.m */ = {isa = PBXFileReference; fileEncoding = 4; lastKnownFileType = sourcecode.c.objc; path = ICE3DVector.m; sourceTree = "<group>"; };
		33454C921875674B0043FA85 /* ICEMotionData.h */ = {isa = PBXFileReference; fileEncoding = 4; lastKnownFileType = sourcecode.c.h; path = ICEMotionData.h; sourceTree = "<group>"; };
		33454C931875674B0043FA85 /* ICEMotionData.m */ = {isa = PBXFileReference; fileEncoding = 4; lastKnownFileType = sourcecode.c.objc; path = ICEMotionData.m; sourceTree = "<group>"; };
		33454C941875674B0043FA85 /* ICEMotionMonitor.h */ = {isa = PBXFileReference; fileEncoding = 4; lastKnownFileType = sourcecode.c.h; path = ICEMotionMonitor.h; sourceTree = "<group>"; };
		33454C951875674B0043FA85 /* ICEMotionMonitor.m */ = {isa = PBXFileReference; fileEncoding = 4; lastKnownFileType = sourcecode.c.objc; path = ICEMotionMonitor.m; sourceTree = "<group>"; };
		33454C961875674B0043FA85 /* ICEMotionRecords.h */ = {isa = PBXFileReference; fileEncoding = 4; lastKnownFileType = sourcecode.c.h; path = ICEMotionRecords.h; sourceTree = "<group>"; };
		33454C971875674B0043FA85 /* ICEMotionRecords.m */ = {isa = PBXFileReference; fileEncoding = 4; lastKnownFileType = sourcecode.c.objc; path = ICEMotionRecords.m; sourceTree = "<group>"; };
		33724201187580CC0068342C /* ICEMotionGraphViewController.h */ = {isa = PBXFileReference; fileEncoding = 4; lastKnownFileType = sourcecode.c.h; path = ICEMotionGraphViewController.h; sourceTree = "<group>"; };
		33724202187580CC0068342C /* ICEMotionGraphViewController.m */ = {isa = PBXFileReference; fileEncoding = 4; lastKnownFileType = sourcecode.c.objc; path = ICEMotionGraphViewController.m; sourceTree = "<group>"; };
		33FEDE3A1875B3260001DB6E /* QuartzCore.framework */ = {isa = PBXFileReference; lastKnownFileType = wrapper.framework; name = QuartzCore.framework; path = System/Library/Frameworks/QuartzCore.framework; sourceTree = SDKROOT; };
		7D15528C186AE26E0003EB2C /* walkInfoFrame.png */ = {isa = PBXFileReference; lastKnownFileType = image.png; path = walkInfoFrame.png; sourceTree = "<group>"; };
		7D15528E186AE3970003EB2C /* WalkInfoViewController.h */ = {isa = PBXFileReference; fileEncoding = 4; lastKnownFileType = sourcecode.c.h; path = WalkInfoViewController.h; sourceTree = "<group>"; };
		7D15528F186AE3970003EB2C /* WalkInfoViewController.m */ = {isa = PBXFileReference; fileEncoding = 4; lastKnownFileType = sourcecode.c.objc; path = WalkInfoViewController.m; sourceTree = "<group>"; };
		7D155291186AE4E50003EB2C /* Pledge.h */ = {isa = PBXFileReference; fileEncoding = 4; lastKnownFileType = sourcecode.c.h; path = Pledge.h; sourceTree = "<group>"; };
		7D155292186AE4E50003EB2C /* Pledge.m */ = {isa = PBXFileReference; fileEncoding = 4; lastKnownFileType = sourcecode.c.objc; path = Pledge.m; sourceTree = "<group>"; };
		7D155297186B3EBF0003EB2C /* diferentDonor.png */ = {isa = PBXFileReference; lastKnownFileType = image.png; path = diferentDonor.png; sourceTree = "<group>"; };
		7D3B28CA18688637007AF2ED /* takeSnapshot.png */ = {isa = PBXFileReference; lastKnownFileType = image.png; path = takeSnapshot.png; sourceTree = "<group>"; };
		7D3B28CC1868877B007AF2ED /* startWalking.png */ = {isa = PBXFileReference; lastKnownFileType = image.png; path = startWalking.png; sourceTree = "<group>"; };
		7D4BEF981871870D00EBCEC2 /* LogViewController.h */ = {isa = PBXFileReference; fileEncoding = 4; lastKnownFileType = sourcecode.c.h; path = LogViewController.h; sourceTree = "<group>"; };
		7D4BEF991871870D00EBCEC2 /* LogViewController.m */ = {isa = PBXFileReference; fileEncoding = 4; lastKnownFileType = sourcecode.c.objc; path = LogViewController.m; sourceTree = "<group>"; };
		7D4BEF9B1871878F00EBCEC2 /* LogObj.h */ = {isa = PBXFileReference; fileEncoding = 4; lastKnownFileType = sourcecode.c.h; path = LogObj.h; sourceTree = "<group>"; };
		7D4BEF9C1871878F00EBCEC2 /* LogObj.m */ = {isa = PBXFileReference; fileEncoding = 4; lastKnownFileType = sourcecode.c.objc; path = LogObj.m; sourceTree = "<group>"; };
		7D4BEF9E1873088100EBCEC2 /* Facebook.h */ = {isa = PBXFileReference; fileEncoding = 4; lastKnownFileType = sourcecode.c.h; path = Facebook.h; sourceTree = "<group>"; };
		7D4BEF9F1873088100EBCEC2 /* Facebook.m */ = {isa = PBXFileReference; fileEncoding = 4; lastKnownFileType = sourcecode.c.objc; path = Facebook.m; sourceTree = "<group>"; };
		7D5303CC186C370100EBADAF /* MyCharity.h */ = {isa = PBXFileReference; fileEncoding = 4; lastKnownFileType = sourcecode.c.h; path = MyCharity.h; sourceTree = "<group>"; };
		7D5303CD186C370100EBADAF /* MyCharity.m */ = {isa = PBXFileReference; fileEncoding = 4; lastKnownFileType = sourcecode.c.objc; path = MyCharity.m; sourceTree = "<group>"; };
		7D597E271869A7F2003DBC04 /* UI.h */ = {isa = PBXFileReference; fileEncoding = 4; lastKnownFileType = sourcecode.c.h; path = UI.h; sourceTree = "<group>"; };
		7D597E281869A7F2003DBC04 /* UI.m */ = {isa = PBXFileReference; fileEncoding = 4; lastKnownFileType = sourcecode.c.objc; path = UI.m; sourceTree = "<group>"; };
		7D861823186C7FC2001AFC9B /* dina.png */ = {isa = PBXFileReference; lastKnownFileType = image.png; path = dina.png; sourceTree = "<group>"; };
		7D861824186C7FC2001AFC9B /* omer.png */ = {isa = PBXFileReference; lastKnownFileType = image.png; path = omer.png; sourceTree = "<group>"; };
		7D861825186C7FC2001AFC9B /* ron.png */ = {isa = PBXFileReference; lastKnownFileType = image.png; path = ron.png; sourceTree = "<group>"; };
		7D861829186C9482001AFC9B /* plus.png */ = {isa = PBXFileReference; lastKnownFileType = image.png; path = plus.png; sourceTree = "<group>"; };
		7D898314186094E400CB7D55 /* GoodPace.app */ = {isa = PBXFileReference; explicitFileType = wrapper.application; includeInIndex = 0; path = GoodPace.app; sourceTree = BUILT_PRODUCTS_DIR; };
		7D898317186094E400CB7D55 /* Foundation.framework */ = {isa = PBXFileReference; lastKnownFileType = wrapper.framework; name = Foundation.framework; path = System/Library/Frameworks/Foundation.framework; sourceTree = SDKROOT; };
		7D898319186094E400CB7D55 /* CoreGraphics.framework */ = {isa = PBXFileReference; lastKnownFileType = wrapper.framework; name = CoreGraphics.framework; path = System/Library/Frameworks/CoreGraphics.framework; sourceTree = SDKROOT; };
		7D89831B186094E400CB7D55 /* UIKit.framework */ = {isa = PBXFileReference; lastKnownFileType = wrapper.framework; name = UIKit.framework; path = System/Library/Frameworks/UIKit.framework; sourceTree = SDKROOT; };
		7D89831F186094E400CB7D55 /* GoodPace-Info.plist */ = {isa = PBXFileReference; lastKnownFileType = text.plist.xml; path = "GoodPace-Info.plist"; sourceTree = "<group>"; };
		7D898321186094E400CB7D55 /* en */ = {isa = PBXFileReference; lastKnownFileType = text.plist.strings; name = en; path = en.lproj/InfoPlist.strings; sourceTree = "<group>"; };
		7D898323186094E400CB7D55 /* main.m */ = {isa = PBXFileReference; lastKnownFileType = sourcecode.c.objc; path = main.m; sourceTree = "<group>"; };
		7D898325186094E400CB7D55 /* GoodPace-Prefix.pch */ = {isa = PBXFileReference; lastKnownFileType = sourcecode.c.h; path = "GoodPace-Prefix.pch"; sourceTree = "<group>"; };
		7D898326186094E400CB7D55 /* AppDelegate.h */ = {isa = PBXFileReference; lastKnownFileType = sourcecode.c.h; path = AppDelegate.h; sourceTree = "<group>"; };
		7D898327186094E400CB7D55 /* AppDelegate.m */ = {isa = PBXFileReference; lastKnownFileType = sourcecode.c.objc; path = AppDelegate.m; sourceTree = "<group>"; };
		7D89832A186094E400CB7D55 /* Base */ = {isa = PBXFileReference; lastKnownFileType = file.storyboard; name = Base; path = Base.lproj/Main.storyboard; sourceTree = "<group>"; };
		7D89832C186094E400CB7D55 /* MasterViewController.h */ = {isa = PBXFileReference; lastKnownFileType = sourcecode.c.h; path = MasterViewController.h; sourceTree = "<group>"; };
		7D89832D186094E400CB7D55 /* MasterViewController.m */ = {isa = PBXFileReference; lastKnownFileType = sourcecode.c.objc; path = MasterViewController.m; sourceTree = "<group>"; };
		7D89832F186094E400CB7D55 /* DetailViewController.h */ = {isa = PBXFileReference; lastKnownFileType = sourcecode.c.h; path = DetailViewController.h; sourceTree = "<group>"; };
		7D898330186094E400CB7D55 /* DetailViewController.m */ = {isa = PBXFileReference; lastKnownFileType = sourcecode.c.objc; path = DetailViewController.m; sourceTree = "<group>"; };
		7D898332186094E400CB7D55 /* Images.xcassets */ = {isa = PBXFileReference; lastKnownFileType = folder.assetcatalog; path = Images.xcassets; sourceTree = "<group>"; };
		7D898338186094E400CB7D55 /* GoodPaceTests.xctest */ = {isa = PBXFileReference; explicitFileType = wrapper.cfbundle; includeInIndex = 0; path = GoodPaceTests.xctest; sourceTree = BUILT_PRODUCTS_DIR; };
		7D898339186094E400CB7D55 /* XCTest.framework */ = {isa = PBXFileReference; lastKnownFileType = wrapper.framework; name = XCTest.framework; path = Library/Frameworks/XCTest.framework; sourceTree = DEVELOPER_DIR; };
		7D898341186094E500CB7D55 /* GoodPaceTests-Info.plist */ = {isa = PBXFileReference; lastKnownFileType = text.plist.xml; path = "GoodPaceTests-Info.plist"; sourceTree = "<group>"; };
		7D898343186094E500CB7D55 /* en */ = {isa = PBXFileReference; lastKnownFileType = text.plist.strings; name = en; path = en.lproj/InfoPlist.strings; sourceTree = "<group>"; };
		7D898345186094E500CB7D55 /* GoodPaceTests.m */ = {isa = PBXFileReference; lastKnownFileType = sourcecode.c.objc; path = GoodPaceTests.m; sourceTree = "<group>"; };
		7D89835E1860B2ED00CB7D55 /* Charity.h */ = {isa = PBXFileReference; fileEncoding = 4; lastKnownFileType = sourcecode.c.h; path = Charity.h; sourceTree = "<group>"; };
		7D89835F1860B2ED00CB7D55 /* Charity.m */ = {isa = PBXFileReference; fileEncoding = 4; lastKnownFileType = sourcecode.c.objc; path = Charity.m; sourceTree = "<group>"; };
		7D8983621860B6BB00CB7D55 /* ServerObj.h */ = {isa = PBXFileReference; fileEncoding = 4; lastKnownFileType = sourcecode.c.h; path = ServerObj.h; sourceTree = "<group>"; };
		7D8983631860B6BB00CB7D55 /* ServerObj.m */ = {isa = PBXFileReference; fileEncoding = 4; lastKnownFileType = sourcecode.c.objc; path = ServerObj.m; sourceTree = "<group>"; };
		7D9E869818619EBF0039A747 /* Globals.h */ = {isa = PBXFileReference; lastKnownFileType = sourcecode.c.h; path = Globals.h; sourceTree = "<group>"; };
		7D9E869918619F060039A747 /* Globals.m */ = {isa = PBXFileReference; fileEncoding = 4; lastKnownFileType = sourcecode.c.objc; path = Globals.m; sourceTree = "<group>"; };
		7D9E869B1861A0290039A747 /* Services.h */ = {isa = PBXFileReference; fileEncoding = 4; lastKnownFileType = sourcecode.c.h; path = Services.h; sourceTree = "<group>"; };
		7D9E869C1861A0290039A747 /* Services.m */ = {isa = PBXFileReference; fileEncoding = 4; lastKnownFileType = sourcecode.c.objc; path = Services.m; sourceTree = "<group>"; };
		7D9E869E1861A61C0039A747 /* Service.h */ = {isa = PBXFileReference; lastKnownFileType = sourcecode.c.h; path = Service.h; sourceTree = "<group>"; };
		7D9E86A01861D19F0039A747 /* Profile.h */ = {isa = PBXFileReference; fileEncoding = 4; lastKnownFileType = sourcecode.c.h; path = Profile.h; sourceTree = "<group>"; };
		7D9E86A11861D19F0039A747 /* Profile.m */ = {isa = PBXFileReference; fileEncoding = 4; lastKnownFileType = sourcecode.c.objc; path = Profile.m; sourceTree = "<group>"; };
		7D9E86AF1861E6990039A747 /* habitat.png */ = {isa = PBXFileReference; lastKnownFileType = image.png; path = habitat.png; sourceTree = "<group>"; };
		7D9E86B01861E6990039A747 /* heart.png */ = {isa = PBXFileReference; lastKnownFileType = image.png; path = heart.png; sourceTree = "<group>"; };
		7D9E86B11861E6990039A747 /* redCross.png */ = {isa = PBXFileReference; lastKnownFileType = image.png; path = redCross.png; sourceTree = "<group>"; };
		7D9E86B21861E6990039A747 /* Spca.png */ = {isa = PBXFileReference; lastKnownFileType = image.png; path = Spca.png; sourceTree = "<group>"; };
		7D9E86B81861F1E30039A747 /* startImage.png */ = {isa = PBXFileReference; lastKnownFileType = image.png; path = startImage.png; sourceTree = "<group>"; };
		7DC528D118706A1900A04592 /* useFitBit.png */ = {isa = PBXFileReference; lastKnownFileType = image.png; path = useFitBit.png; sourceTree = "<group>"; };
		7DC528D218706A1900A04592 /* usePhone.png */ = {isa = PBXFileReference; lastKnownFileType = image.png; path = usePhone.png; sourceTree = "<group>"; };
		7DC528D518706E8000A04592 /* walkingProgress.png */ = {isa = PBXFileReference; lastKnownFileType = image.png; path = walkingProgress.png; sourceTree = "<group>"; };
		7DC528D718707DF200A04592 /* StepsManager.h */ = {isa = PBXFileReference; fileEncoding = 4; lastKnownFileType = sourcecode.c.h; path = StepsManager.h; sourceTree = "<group>"; };
		7DC528D818707DF200A04592 /* StepsManager.m */ = {isa = PBXFileReference; fileEncoding = 4; lastKnownFileType = sourcecode.c.objc; path = StepsManager.m; sourceTree = "<group>"; };
		7DC528DA187084C800A04592 /* IPhone5SStepsCounter.h */ = {isa = PBXFileReference; fileEncoding = 4; lastKnownFileType = sourcecode.c.h; path = IPhone5SStepsCounter.h; sourceTree = "<group>"; };
		7DC528DB187084C800A04592 /* IPhone5SStepsCounter.m */ = {isa = PBXFileReference; fileEncoding = 4; lastKnownFileType = sourcecode.c.objc; path = IPhone5SStepsCounter.m; sourceTree = "<group>"; };
		7DC528DF1870877800A04592 /* CoreMotion.framework */ = {isa = PBXFileReference; lastKnownFileType = wrapper.framework; name = CoreMotion.framework; path = System/Library/Frameworks/CoreMotion.framework; sourceTree = SDKROOT; };
		7DE92ECB18671BEB0078A0E6 /* walkMan.png */ = {isa = PBXFileReference; lastKnownFileType = image.png; path = walkMan.png; sourceTree = "<group>"; };
		7DE92ED018671D390078A0E6 /* Base */ = {isa = PBXFileReference; lastKnownFileType = text.plist.strings; name = Base; path = Base.lproj/localizable.strings; sourceTree = "<group>"; };
		7DE92ED21867321B0078A0E6 /* jointhiswalk.png */ = {isa = PBXFileReference; lastKnownFileType = image.png; path = jointhiswalk.png; sourceTree = "<group>"; };
		7DE92ED4186735250078A0E6 /* ProfileViewController.h */ = {isa = PBXFileReference; fileEncoding = 4; lastKnownFileType = sourcecode.c.h; path = ProfileViewController.h; sourceTree = "<group>"; };
		7DE92ED5186735250078A0E6 /* ProfileViewController.m */ = {isa = PBXFileReference; fileEncoding = 4; lastKnownFileType = sourcecode.c.objc; path = ProfileViewController.m; sourceTree = "<group>"; };
/* End PBXFileReference section */

/* Begin PBXFrameworksBuildPhase section */
		7D898311186094E400CB7D55 /* Frameworks */ = {
			isa = PBXFrameworksBuildPhase;
			buildActionMask = 2147483647;
			files = (
				33FEDE3B1875B3260001DB6E /* QuartzCore.framework in Frameworks */,
				3322585B18757CA900872CFA /* FacebookSDK.framework in Frameworks */,
				7DC528E01870877800A04592 /* CoreMotion.framework in Frameworks */,
				7D89831A186094E400CB7D55 /* CoreGraphics.framework in Frameworks */,
				7D89831C186094E400CB7D55 /* UIKit.framework in Frameworks */,
				7D898318186094E400CB7D55 /* Foundation.framework in Frameworks */,
				332258531875745E00872CFA /* libCorePlot-CocoaTouch.a in Frameworks */,
			);
			runOnlyForDeploymentPostprocessing = 0;
		};
		7D898335186094E400CB7D55 /* Frameworks */ = {
			isa = PBXFrameworksBuildPhase;
			buildActionMask = 2147483647;
			files = (
				7D89833A186094E400CB7D55 /* XCTest.framework in Frameworks */,
				7D89833C186094E500CB7D55 /* UIKit.framework in Frameworks */,
				7D89833B186094E500CB7D55 /* Foundation.framework in Frameworks */,
			);
			runOnlyForDeploymentPostprocessing = 0;
		};
/* End PBXFrameworksBuildPhase section */

/* Begin PBXGroup section */
		3322584A1875741400872CFA /* Products */ = {
			isa = PBXGroup;
			children = (
				332258501875741400872CFA /* libCorePlot-CocoaTouch.a */,
			);
			name = Products;
			sourceTree = "<group>";
		};
		33454C8C187567370043FA85 /* MotionMonitor */ = {
			isa = PBXGroup;
			children = (
				33724201187580CC0068342C /* ICEMotionGraphViewController.h */,
				33724202187580CC0068342C /* ICEMotionGraphViewController.m */,
				33454C8D1875674B0043FA85 /* model */,
			);
			name = MotionMonitor;
			sourceTree = "<group>";
		};
		33454C8D1875674B0043FA85 /* model */ = {
			isa = PBXGroup;
			children = (
				33454C8E1875674B0043FA85 /* AccelerometerFilter.h */,
				33454C8F1875674B0043FA85 /* AccelerometerFilter.m */,
				33454C901875674B0043FA85 /* ICE3DVector.h */,
				33454C911875674B0043FA85 /* ICE3DVector.m */,
				33454C921875674B0043FA85 /* ICEMotionData.h */,
				33454C931875674B0043FA85 /* ICEMotionData.m */,
				33454C941875674B0043FA85 /* ICEMotionMonitor.h */,
				33454C951875674B0043FA85 /* ICEMotionMonitor.m */,
				33454C961875674B0043FA85 /* ICEMotionRecords.h */,
				33454C971875674B0043FA85 /* ICEMotionRecords.m */,
			);
			path = model;
			sourceTree = "<group>";
		};
		7D597E251869A3D2003DBC04 /* Imports */ = {
			isa = PBXGroup;
			children = (
				7D89835E1860B2ED00CB7D55 /* Charity.h */,
				7D9E86A01861D19F0039A747 /* Profile.h */,
				7D155291186AE4E50003EB2C /* Pledge.h */,
				7D5303CC186C370100EBADAF /* MyCharity.h */,
			);
			name = Imports;
			sourceTree = "<group>";
		};
		7D597E261869A4EE003DBC04 /* imports */ = {
			isa = PBXGroup;
			children = (
				7D4BEF9E1873088100EBCEC2 /* Facebook.h */,
				7D8983621860B6BB00CB7D55 /* ServerObj.h */,
				7D9E869818619EBF0039A747 /* Globals.h */,
				7D9E869B1861A0290039A747 /* Services.h */,
				7D9E869E1861A61C0039A747 /* Service.h */,
				7DC528D718707DF200A04592 /* StepsManager.h */,
				7DC528DA187084C800A04592 /* IPhone5SStepsCounter.h */,
				7D4BEF9B1871878F00EBCEC2 /* LogObj.h */,
				7D597E271869A7F2003DBC04 /* UI.h */,
			);
			name = imports;
			sourceTree = "<group>";
		};
		7D597E2A1869B859003DBC04 /* Main */ = {
			isa = PBXGroup;
			children = (
				7D898326186094E400CB7D55 /* AppDelegate.h */,
				7D898327186094E400CB7D55 /* AppDelegate.m */,
				7D898329186094E400CB7D55 /* Main.storyboard */,
				7DE92ED118671D390078A0E6 /* localizable.strings */,
				7D898332186094E400CB7D55 /* Images.xcassets */,
				7D89831E186094E400CB7D55 /* Supporting Files */,
			);
			name = Main;
			sourceTree = "<group>";
		};
		7D89830B186094E400CB7D55 = {
			isa = PBXGroup;
			children = (
				332258491875741400872CFA /* CorePlot-CocoaTouch.xcodeproj */,
				7D89831D186094E400CB7D55 /* GoodPace */,
				7D89833F186094E500CB7D55 /* GoodPaceTests */,
				7D898316186094E400CB7D55 /* Frameworks */,
				7D898315186094E400CB7D55 /* Products */,
			);
			sourceTree = "<group>";
		};
		7D898315186094E400CB7D55 /* Products */ = {
			isa = PBXGroup;
			children = (
				7D898314186094E400CB7D55 /* GoodPace.app */,
				7D898338186094E400CB7D55 /* GoodPaceTests.xctest */,
			);
			name = Products;
			sourceTree = "<group>";
		};
		7D898316186094E400CB7D55 /* Frameworks */ = {
			isa = PBXGroup;
			children = (
				33FEDE3A1875B3260001DB6E /* QuartzCore.framework */,
				3322585A18757CA900872CFA /* FacebookSDK.framework */,
				7DC528DF1870877800A04592 /* CoreMotion.framework */,
				7D898317186094E400CB7D55 /* Foundation.framework */,
				7D898319186094E400CB7D55 /* CoreGraphics.framework */,
				7D89831B186094E400CB7D55 /* UIKit.framework */,
				7D898339186094E400CB7D55 /* XCTest.framework */,
			);
			name = Frameworks;
			sourceTree = "<group>";
		};
		7D89831D186094E400CB7D55 /* GoodPace */ = {
			isa = PBXGroup;
			children = (
				33454C8C187567370043FA85 /* MotionMonitor */,
				7D9E86B71861F1BD0039A747 /* Images - Temp */,
				7D9E869F1861D12D0039A747 /* DS */,
				7D8983611860B6AA00CB7D55 /* Utils */,
				7DE92ECA1866F27C0078A0E6 /* Screens */,
				7D597E2A1869B859003DBC04 /* Main */,
			);
			path = GoodPace;
			sourceTree = "<group>";
		};
		7D89831E186094E400CB7D55 /* Supporting Files */ = {
			isa = PBXGroup;
			children = (
				7D89831F186094E400CB7D55 /* GoodPace-Info.plist */,
				7D898320186094E400CB7D55 /* InfoPlist.strings */,
				7D898323186094E400CB7D55 /* main.m */,
				7D898325186094E400CB7D55 /* GoodPace-Prefix.pch */,
			);
			name = "Supporting Files";
			sourceTree = "<group>";
		};
		7D89833F186094E500CB7D55 /* GoodPaceTests */ = {
			isa = PBXGroup;
			children = (
				7D898345186094E500CB7D55 /* GoodPaceTests.m */,
				7D898340186094E500CB7D55 /* Supporting Files */,
			);
			path = GoodPaceTests;
			sourceTree = "<group>";
		};
		7D898340186094E500CB7D55 /* Supporting Files */ = {
			isa = PBXGroup;
			children = (
				7D898341186094E500CB7D55 /* GoodPaceTests-Info.plist */,
				7D898342186094E500CB7D55 /* InfoPlist.strings */,
			);
			name = "Supporting Files";
			sourceTree = "<group>";
		};
		7D8983611860B6AA00CB7D55 /* Utils */ = {
			isa = PBXGroup;
			children = (
				7D597E261869A4EE003DBC04 /* imports */,
				7D8983631860B6BB00CB7D55 /* ServerObj.m */,
				7DC528DB187084C800A04592 /* IPhone5SStepsCounter.m */,
				7DC528D818707DF200A04592 /* StepsManager.m */,
				7D9E869918619F060039A747 /* Globals.m */,
				7D9E869C1861A0290039A747 /* Services.m */,
				7D597E281869A7F2003DBC04 /* UI.m */,
				7D4BEF9C1871878F00EBCEC2 /* LogObj.m */,
				7D4BEF9F1873088100EBCEC2 /* Facebook.m */,
			);
			name = Utils;
			sourceTree = "<group>";
		};
		7D9E869F1861D12D0039A747 /* DS */ = {
			isa = PBXGroup;
			children = (
				7D597E251869A3D2003DBC04 /* Imports */,
				7D5303CD186C370100EBADAF /* MyCharity.m */,
				7D89835F1860B2ED00CB7D55 /* Charity.m */,
				7D155292186AE4E50003EB2C /* Pledge.m */,
				7D9E86A11861D19F0039A747 /* Profile.m */,
			);
			name = DS;
			sourceTree = "<group>";
		};
		7D9E86B71861F1BD0039A747 /* Images - Temp */ = {
			isa = PBXGroup;
			children = (
				7DC528D518706E8000A04592 /* walkingProgress.png */,
				7DC528D118706A1900A04592 /* useFitBit.png */,
				7DC528D218706A1900A04592 /* usePhone.png */,
				7D861829186C9482001AFC9B /* plus.png */,
				7D861823186C7FC2001AFC9B /* dina.png */,
				7D861824186C7FC2001AFC9B /* omer.png */,
				7D861825186C7FC2001AFC9B /* ron.png */,
				7D155297186B3EBF0003EB2C /* diferentDonor.png */,
				7D15528C186AE26E0003EB2C /* walkInfoFrame.png */,
				7D3B28CC1868877B007AF2ED /* startWalking.png */,
				7D3B28CA18688637007AF2ED /* takeSnapshot.png */,
				7DE92ED21867321B0078A0E6 /* jointhiswalk.png */,
				7DE92ECB18671BEB0078A0E6 /* walkMan.png */,
				7D9E86AF1861E6990039A747 /* habitat.png */,
				7D9E86B01861E6990039A747 /* heart.png */,
				7D9E86B11861E6990039A747 /* redCross.png */,
				7D9E86B21861E6990039A747 /* Spca.png */,
				7D9E86B81861F1E30039A747 /* startImage.png */,
			);
			name = "Images - Temp";
			sourceTree = "<group>";
		};
		7DE92ECA1866F27C0078A0E6 /* Screens */ = {
			isa = PBXGroup;
			children = (
				7DE92ED7186735540078A0E6 /* imports */,
				7D15528F186AE3970003EB2C /* WalkInfoViewController.m */,
				7DE92ED5186735250078A0E6 /* ProfileViewController.m */,
				7D89832D186094E400CB7D55 /* MasterViewController.m */,
				7D898330186094E400CB7D55 /* DetailViewController.m */,
				7D4BEF991871870D00EBCEC2 /* LogViewController.m */,
			);
			name = Screens;
			sourceTree = "<group>";
		};
		7DE92ED7186735540078A0E6 /* imports */ = {
			isa = PBXGroup;
			children = (
				7D15528E186AE3970003EB2C /* WalkInfoViewController.h */,
				7D4BEF981871870D00EBCEC2 /* LogViewController.h */,
				7DE92ED4186735250078A0E6 /* ProfileViewController.h */,
				7D89832C186094E400CB7D55 /* MasterViewController.h */,
				7D89832F186094E400CB7D55 /* DetailViewController.h */,
			);
			name = imports;
			sourceTree = "<group>";
		};
/* End PBXGroup section */

/* Begin PBXNativeTarget section */
		7D898313186094E400CB7D55 /* GoodPace */ = {
			isa = PBXNativeTarget;
			buildConfigurationList = 7D898349186094E500CB7D55 /* Build configuration list for PBXNativeTarget "GoodPace" */;
			buildPhases = (
				7D898310186094E400CB7D55 /* Sources */,
				7D898311186094E400CB7D55 /* Frameworks */,
				7D898312186094E400CB7D55 /* Resources */,
			);
			buildRules = (
			);
			dependencies = (
				332258521875742A00872CFA /* PBXTargetDependency */,
			);
			name = GoodPace;
			productName = GoodPace;
			productReference = 7D898314186094E400CB7D55 /* GoodPace.app */;
			productType = "com.apple.product-type.application";
		};
		7D898337186094E400CB7D55 /* GoodPaceTests */ = {
			isa = PBXNativeTarget;
			buildConfigurationList = 7D89834C186094E500CB7D55 /* Build configuration list for PBXNativeTarget "GoodPaceTests" */;
			buildPhases = (
				7D898334186094E400CB7D55 /* Sources */,
				7D898335186094E400CB7D55 /* Frameworks */,
				7D898336186094E400CB7D55 /* Resources */,
			);
			buildRules = (
			);
			dependencies = (
				7D89833E186094E500CB7D55 /* PBXTargetDependency */,
			);
			name = GoodPaceTests;
			productName = GoodPaceTests;
			productReference = 7D898338186094E400CB7D55 /* GoodPaceTests.xctest */;
			productType = "com.apple.product-type.bundle.unit-test";
		};
/* End PBXNativeTarget section */

/* Begin PBXProject section */
		7D89830C186094E400CB7D55 /* Project object */ = {
			isa = PBXProject;
			attributes = {
				LastUpgradeCheck = 0500;
				ORGANIZATIONNAME = eBay;
				TargetAttributes = {
					7D898313186094E400CB7D55 = {
						DevelopmentTeam = QYHMMGCMJR;
						SystemCapabilities = {
							com.apple.BackgroundModes = {
								enabled = 1;
							};
							com.apple.DataProtection = {
								enabled = 0;
							};
						};
					};
					7D898337186094E400CB7D55 = {
						TestTargetID = 7D898313186094E400CB7D55;
					};
				};
			};
			buildConfigurationList = 7D89830F186094E400CB7D55 /* Build configuration list for PBXProject "GoodPace" */;
			compatibilityVersion = "Xcode 3.2";
			developmentRegion = English;
			hasScannedForEncodings = 0;
			knownRegions = (
				en,
				Base,
			);
			mainGroup = 7D89830B186094E400CB7D55;
			productRefGroup = 7D898315186094E400CB7D55 /* Products */;
			projectDirPath = "";
			projectReferences = (
				{
					ProductGroup = 3322584A1875741400872CFA /* Products */;
					ProjectRef = 332258491875741400872CFA /* CorePlot-CocoaTouch.xcodeproj */;
				},
			);
			projectRoot = "";
			targets = (
				7D898313186094E400CB7D55 /* GoodPace */,
				7D898337186094E400CB7D55 /* GoodPaceTests */,
			);
		};
/* End PBXProject section */

/* Begin PBXReferenceProxy section */
		332258501875741400872CFA /* libCorePlot-CocoaTouch.a */ = {
			isa = PBXReferenceProxy;
			fileType = archive.ar;
			path = "libCorePlot-CocoaTouch.a";
			remoteRef = 3322584F1875741400872CFA /* PBXContainerItemProxy */;
			sourceTree = BUILT_PRODUCTS_DIR;
		};
/* End PBXReferenceProxy section */

/* Begin PBXResourcesBuildPhase section */
		7D898312186094E400CB7D55 /* Resources */ = {
			isa = PBXResourcesBuildPhase;
			buildActionMask = 2147483647;
			files = (
				7DC528D618706E8000A04592 /* walkingProgress.png in Resources */,
				7D15528D186AE26E0003EB2C /* walkInfoFrame.png in Resources */,
				7D9E86B31861E6990039A747 /* habitat.png in Resources */,
				7DE92ECF18671D390078A0E6 /* localizable.strings in Resources */,
				7DC528D318706A1900A04592 /* useFitBit.png in Resources */,
				7D861828186C7FC2001AFC9B /* ron.png in Resources */,
				7D898333186094E400CB7D55 /* Images.xcassets in Resources */,
				7D9E86B91861F1E30039A747 /* startImage.png in Resources */,
				7D3B28CD1868877B007AF2ED /* startWalking.png in Resources */,
				7D9E86B61861E6990039A747 /* Spca.png in Resources */,
				7DC528D418706A1900A04592 /* usePhone.png in Resources */,
				7D861826186C7FC2001AFC9B /* dina.png in Resources */,
				7D155298186B3EBF0003EB2C /* diferentDonor.png in Resources */,
				7D898322186094E400CB7D55 /* InfoPlist.strings in Resources */,
				7DE92ED31867321B0078A0E6 /* jointhiswalk.png in Resources */,
				7D86182A186C9482001AFC9B /* plus.png in Resources */,
				7DE92ECC18671BEB0078A0E6 /* walkMan.png in Resources */,
				7D3B28CB18688637007AF2ED /* takeSnapshot.png in Resources */,
				7D861827186C7FC2001AFC9B /* omer.png in Resources */,
				7D9E86B41861E6990039A747 /* heart.png in Resources */,
				7D9E86B51861E6990039A747 /* redCross.png in Resources */,
				7D89832B186094E400CB7D55 /* Main.storyboard in Resources */,
			);
			runOnlyForDeploymentPostprocessing = 0;
		};
		7D898336186094E400CB7D55 /* Resources */ = {
			isa = PBXResourcesBuildPhase;
			buildActionMask = 2147483647;
			files = (
				7D898344186094E500CB7D55 /* InfoPlist.strings in Resources */,
			);
			runOnlyForDeploymentPostprocessing = 0;
		};
/* End PBXResourcesBuildPhase section */

/* Begin PBXSourcesBuildPhase section */
		7D898310186094E400CB7D55 /* Sources */ = {
			isa = PBXSourcesBuildPhase;
			buildActionMask = 2147483647;
			files = (
				7D5303CE186C370100EBADAF /* MyCharity.m in Sources */,
				7D155290186AE3970003EB2C /* WalkInfoViewController.m in Sources */,
				33454C9B1875674B0043FA85 /* ICE3DVector.m in Sources */,
				7D9E86A21861D19F0039A747 /* Profile.m in Sources */,
				7D8983641860B6BB00CB7D55 /* ServerObj.m in Sources */,
				33724203187580CC0068342C /* ICEMotionGraphViewController.m in Sources */,
				7D155293186AE4E50003EB2C /* Pledge.m in Sources */,
				33454C9E1875674B0043FA85 /* ICEMotionRecords.m in Sources */,
				7D4BEF9A1871870D00EBCEC2 /* LogViewController.m in Sources */,
				7D9E869A18619F060039A747 /* Globals.m in Sources */,
				7D898328186094E400CB7D55 /* AppDelegate.m in Sources */,
				33454C9C1875674B0043FA85 /* ICEMotionData.m in Sources */,
				7D4BEFA01873088100EBCEC2 /* Facebook.m in Sources */,
				33454C9A1875674B0043FA85 /* AccelerometerFilter.m in Sources */,
				33454C9D1875674B0043FA85 /* ICEMotionMonitor.m in Sources */,
				7DC528D918707DF200A04592 /* StepsManager.m in Sources */,
				7D89832E186094E400CB7D55 /* MasterViewController.m in Sources */,
				7D8983601860B2ED00CB7D55 /* Charity.m in Sources */,
				7D898324186094E400CB7D55 /* main.m in Sources */,
				7D4BEF9D1871878F00EBCEC2 /* LogObj.m in Sources */,
				7DC528DC187084C800A04592 /* IPhone5SStepsCounter.m in Sources */,
				7DE92ED6186735250078A0E6 /* ProfileViewController.m in Sources */,
				7D597E291869A7F2003DBC04 /* UI.m in Sources */,
				7D898331186094E400CB7D55 /* DetailViewController.m in Sources */,
				7D9E869D1861A0290039A747 /* Services.m in Sources */,
			);
			runOnlyForDeploymentPostprocessing = 0;
		};
		7D898334186094E400CB7D55 /* Sources */ = {
			isa = PBXSourcesBuildPhase;
			buildActionMask = 2147483647;
			files = (
				7D898346186094E500CB7D55 /* GoodPaceTests.m in Sources */,
			);
			runOnlyForDeploymentPostprocessing = 0;
		};
/* End PBXSourcesBuildPhase section */

/* Begin PBXTargetDependency section */
		332258521875742A00872CFA /* PBXTargetDependency */ = {
			isa = PBXTargetDependency;
			name = "CorePlot-CocoaTouch";
			targetProxy = 332258511875742A00872CFA /* PBXContainerItemProxy */;
		};
		7D89833E186094E500CB7D55 /* PBXTargetDependency */ = {
			isa = PBXTargetDependency;
			target = 7D898313186094E400CB7D55 /* GoodPace */;
			targetProxy = 7D89833D186094E500CB7D55 /* PBXContainerItemProxy */;
		};
/* End PBXTargetDependency section */

/* Begin PBXVariantGroup section */
		7D898320186094E400CB7D55 /* InfoPlist.strings */ = {
			isa = PBXVariantGroup;
			children = (
				7D898321186094E400CB7D55 /* en */,
			);
			name = InfoPlist.strings;
			sourceTree = "<group>";
		};
		7D898329186094E400CB7D55 /* Main.storyboard */ = {
			isa = PBXVariantGroup;
			children = (
				7D89832A186094E400CB7D55 /* Base */,
			);
			name = Main.storyboard;
			sourceTree = "<group>";
		};
		7D898342186094E500CB7D55 /* InfoPlist.strings */ = {
			isa = PBXVariantGroup;
			children = (
				7D898343186094E500CB7D55 /* en */,
			);
			name = InfoPlist.strings;
			sourceTree = "<group>";
		};
		7DE92ED118671D390078A0E6 /* localizable.strings */ = {
			isa = PBXVariantGroup;
			children = (
				7DE92ED018671D390078A0E6 /* Base */,
			);
			name = localizable.strings;
			path = ..;
			sourceTree = "<group>";
		};
/* End PBXVariantGroup section */

/* Begin XCBuildConfiguration section */
		7D898347186094E500CB7D55 /* Debug */ = {
			isa = XCBuildConfiguration;
			buildSettings = {
				ALWAYS_SEARCH_USER_PATHS = NO;
				ARCHS = "$(ARCHS_STANDARD_INCLUDING_64_BIT)";
				CLANG_CXX_LANGUAGE_STANDARD = "gnu++0x";
				CLANG_CXX_LIBRARY = "libc++";
				CLANG_ENABLE_MODULES = YES;
				CLANG_ENABLE_OBJC_ARC = YES;
				CLANG_WARN_BOOL_CONVERSION = YES;
				CLANG_WARN_CONSTANT_CONVERSION = YES;
				CLANG_WARN_DIRECT_OBJC_ISA_USAGE = YES_ERROR;
				CLANG_WARN_EMPTY_BODY = YES;
				CLANG_WARN_ENUM_CONVERSION = YES;
				CLANG_WARN_INT_CONVERSION = YES;
				CLANG_WARN_OBJC_ROOT_CLASS = YES_ERROR;
				CLANG_WARN__DUPLICATE_METHOD_MATCH = YES;
				"CODE_SIGN_IDENTITY[sdk=iphoneos*]" = "iPhone Developer";
				COPY_PHASE_STRIP = NO;
				GCC_C_LANGUAGE_STANDARD = gnu99;
				GCC_DYNAMIC_NO_PIC = NO;
				GCC_OPTIMIZATION_LEVEL = 0;
				GCC_PREPROCESSOR_DEFINITIONS = (
					"DEBUG=1",
					"$(inherited)",
				);
				GCC_SYMBOLS_PRIVATE_EXTERN = NO;
				GCC_WARN_64_TO_32_BIT_CONVERSION = YES;
				GCC_WARN_ABOUT_RETURN_TYPE = YES_ERROR;
				GCC_WARN_UNDECLARED_SELECTOR = YES;
				GCC_WARN_UNINITIALIZED_AUTOS = YES;
				GCC_WARN_UNUSED_FUNCTION = YES;
				GCC_WARN_UNUSED_VARIABLE = YES;
				IPHONEOS_DEPLOYMENT_TARGET = 7.0;
				ONLY_ACTIVE_ARCH = YES;
				SDKROOT = iphoneos;
			};
			name = Debug;
		};
		7D898348186094E500CB7D55 /* Release */ = {
			isa = XCBuildConfiguration;
			buildSettings = {
				ALWAYS_SEARCH_USER_PATHS = NO;
				ARCHS = "$(ARCHS_STANDARD_INCLUDING_64_BIT)";
				CLANG_CXX_LANGUAGE_STANDARD = "gnu++0x";
				CLANG_CXX_LIBRARY = "libc++";
				CLANG_ENABLE_MODULES = YES;
				CLANG_ENABLE_OBJC_ARC = YES;
				CLANG_WARN_BOOL_CONVERSION = YES;
				CLANG_WARN_CONSTANT_CONVERSION = YES;
				CLANG_WARN_DIRECT_OBJC_ISA_USAGE = YES_ERROR;
				CLANG_WARN_EMPTY_BODY = YES;
				CLANG_WARN_ENUM_CONVERSION = YES;
				CLANG_WARN_INT_CONVERSION = YES;
				CLANG_WARN_OBJC_ROOT_CLASS = YES_ERROR;
				CLANG_WARN__DUPLICATE_METHOD_MATCH = YES;
				"CODE_SIGN_IDENTITY[sdk=iphoneos*]" = "iPhone Developer";
				COPY_PHASE_STRIP = YES;
				ENABLE_NS_ASSERTIONS = NO;
				GCC_C_LANGUAGE_STANDARD = gnu99;
				GCC_WARN_64_TO_32_BIT_CONVERSION = YES;
				GCC_WARN_ABOUT_RETURN_TYPE = YES_ERROR;
				GCC_WARN_UNDECLARED_SELECTOR = YES;
				GCC_WARN_UNINITIALIZED_AUTOS = YES;
				GCC_WARN_UNUSED_FUNCTION = YES;
				GCC_WARN_UNUSED_VARIABLE = YES;
				IPHONEOS_DEPLOYMENT_TARGET = 7.0;
				SDKROOT = iphoneos;
				VALIDATE_PRODUCT = YES;
			};
			name = Release;
		};
		7D89834A186094E500CB7D55 /* Debug */ = {
			isa = XCBuildConfiguration;
			buildSettings = {
				ASSETCATALOG_COMPILER_APPICON_NAME = AppIcon;
				ASSETCATALOG_COMPILER_LAUNCHIMAGE_NAME = LaunchImage;
				CODE_SIGN_IDENTITY = "iPhone Developer";
				"CODE_SIGN_IDENTITY[sdk=iphoneos*]" = "iPhone Developer";
				FRAMEWORK_SEARCH_PATHS = (
					"$(inherited)",
					/Users/rosteiner/Documents/Workspace/GoodPaceLogic/Initial,
				);
				GCC_PRECOMPILE_PREFIX_HEADER = YES;
				GCC_PREFIX_HEADER = "GoodPace/GoodPace-Prefix.pch";
				HEADER_SEARCH_PATHS = (
					"$(inherited)",
					/Applications/Xcode.app/Contents/Developer/Toolchains/XcodeDefault.xctoolchain/usr/include,
				);
				INFOPLIST_FILE = "GoodPace/GoodPace-Info.plist";
				IPHONEOS_DEPLOYMENT_TARGET = 7.0;
				OTHER_LDFLAGS = "-ObjC";
				PRODUCT_NAME = "$(TARGET_NAME)";
				PROVISIONING_PROFILE = "";
				SDKROOT = iphoneos;
				USER_HEADER_SEARCH_PATHS = "/Users/rosteiner/Documents/Workspace/CorePlot_1.4/Source/framework/**";
				WRAPPER_EXTENSION = app;
			};
			name = Debug;
		};
		7D89834B186094E500CB7D55 /* Release */ = {
			isa = XCBuildConfiguration;
			buildSettings = {
				ASSETCATALOG_COMPILER_APPICON_NAME = AppIcon;
				ASSETCATALOG_COMPILER_LAUNCHIMAGE_NAME = LaunchImage;
				CODE_SIGN_IDENTITY = "iPhone Developer";
				"CODE_SIGN_IDENTITY[sdk=iphoneos*]" = "iPhone Developer";
				FRAMEWORK_SEARCH_PATHS = (
					"$(inherited)",
					/Users/rosteiner/Documents/Workspace/GoodPaceLogic/Initial,
				);
				GCC_PRECOMPILE_PREFIX_HEADER = YES;
				GCC_PREFIX_HEADER = "GoodPace/GoodPace-Prefix.pch";
				HEADER_SEARCH_PATHS = (
					"$(inherited)",
					/Applications/Xcode.app/Contents/Developer/Toolchains/XcodeDefault.xctoolchain/usr/include,
				);
				INFOPLIST_FILE = "GoodPace/GoodPace-Info.plist";
				IPHONEOS_DEPLOYMENT_TARGET = 7.0;
				OTHER_LDFLAGS = "-ObjC";
				PRODUCT_NAME = "$(TARGET_NAME)";
				PROVISIONING_PROFILE = "";
				SDKROOT = iphoneos;
				USER_HEADER_SEARCH_PATHS = "/Users/rosteiner/Documents/Workspace/CorePlot_1.4/Source/framework/**";
				WRAPPER_EXTENSION = app;
			};
			name = Release;
		};
		7D89834D186094E500CB7D55 /* Debug */ = {
			isa = XCBuildConfiguration;
			buildSettings = {
				ARCHS = "$(ARCHS_STANDARD_INCLUDING_64_BIT)";
				BUNDLE_LOADER = "$(BUILT_PRODUCTS_DIR)/GoodPace.app/GoodPace";
				FRAMEWORK_SEARCH_PATHS = (
					"$(SDKROOT)/Developer/Library/Frameworks",
					"$(inherited)",
					"$(DEVELOPER_FRAMEWORKS_DIR)",
				);
				GCC_PRECOMPILE_PREFIX_HEADER = YES;
				GCC_PREFIX_HEADER = "GoodPace/GoodPace-Prefix.pch";
				GCC_PREPROCESSOR_DEFINITIONS = (
					"DEBUG=1",
					"$(inherited)",
				);
				INFOPLIST_FILE = "GoodPaceTests/GoodPaceTests-Info.plist";
				PRODUCT_NAME = "$(TARGET_NAME)";
				TEST_HOST = "$(BUNDLE_LOADER)";
				WRAPPER_EXTENSION = xctest;
			};
			name = Debug;
		};
		7D89834E186094E500CB7D55 /* Release */ = {
			isa = XCBuildConfiguration;
			buildSettings = {
				ARCHS = "$(ARCHS_STANDARD_INCLUDING_64_BIT)";
				BUNDLE_LOADER = "$(BUILT_PRODUCTS_DIR)/GoodPace.app/GoodPace";
				FRAMEWORK_SEARCH_PATHS = (
					"$(SDKROOT)/Developer/Library/Frameworks",
					"$(inherited)",
					"$(DEVELOPER_FRAMEWORKS_DIR)",
				);
				GCC_PRECOMPILE_PREFIX_HEADER = YES;
				GCC_PREFIX_HEADER = "GoodPace/GoodPace-Prefix.pch";
				INFOPLIST_FILE = "GoodPaceTests/GoodPaceTests-Info.plist";
				PRODUCT_NAME = "$(TARGET_NAME)";
				TEST_HOST = "$(BUNDLE_LOADER)";
				WRAPPER_EXTENSION = xctest;
			};
			name = Release;
		};
/* End XCBuildConfiguration section */

/* Begin XCConfigurationList section */
		7D89830F186094E400CB7D55 /* Build configuration list for PBXProject "GoodPace" */ = {
			isa = XCConfigurationList;
			buildConfigurations = (
				7D898347186094E500CB7D55 /* Debug */,
				7D898348186094E500CB7D55 /* Release */,
			);
			defaultConfigurationIsVisible = 0;
			defaultConfigurationName = Release;
		};
		7D898349186094E500CB7D55 /* Build configuration list for PBXNativeTarget "GoodPace" */ = {
			isa = XCConfigurationList;
			buildConfigurations = (
				7D89834A186094E500CB7D55 /* Debug */,
				7D89834B186094E500CB7D55 /* Release */,
			);
			defaultConfigurationIsVisible = 0;
			defaultConfigurationName = Release;
		};
		7D89834C186094E500CB7D55 /* Build configuration list for PBXNativeTarget "GoodPaceTests" */ = {
			isa = XCConfigurationList;
			buildConfigurations = (
				7D89834D186094E500CB7D55 /* Debug */,
				7D89834E186094E500CB7D55 /* Release */,
			);
			defaultConfigurationIsVisible = 0;
			defaultConfigurationName = Release;
		};
/* End XCConfigurationList section */
	};
	rootObject = 7D89830C186094E400CB7D55 /* Project object */;
}
